<?xml version="1.0" encoding="UTF-8" standalone="yes" ?>
<CodeBlocks_project_file>
	<FileVersion major="1" minor="6" />
	<Project>
		<Option title="dbg" />
		<Option platforms="Windows;" />
		<Option pch_mode="2" />
		<Option compiler="gcc" />
		<Build>
			<Target title="x86 debug (GCC)">
				<Option platforms="Windows;" />
				<Option output="../bin/udefrag-dbg" prefix_auto="1" extension_auto="1" />
				<Option working_dir="../bin" />
				<Option object_output="../obj/dbg/" />
				<Option type="0" />
				<Option compiler="gcc" />
				<Option projectLinkerOptionsRelation="2" />
				<Compiler>
                    <Add option="-mwindows" />
					<Add option="-g" />
				</Compiler>
				<Linker>
                    <Add option="-mwindows" />
                    <Add library="libzenwinx.dll.a" />
                    <Add library="libkernel32.a" />
                    <Add library="libuser32.a" />
                    <Add library="libcomctl32.a" />
                    <Add library="liburlmon.a" />
                    <Add directory="../lib" />
				</Linker>
			</Target>
			<Target title="x86 release (GCC)">
				<Option platforms="Windows;" />
				<Option output="../bin/udefrag-dbg" prefix_auto="1" extension_auto="1" />
				<Option working_dir="../bin" />
				<Option object_output="../obj/dbg/" />
				<Option type="0" />
				<Option compiler="gcc" />
				<Option projectLinkerOptionsRelation="2" />
				<Compiler>
                    <Add option="-mwindows" />
				</Compiler>
				<Linker>
                    <Add option="-mwindows" />
                    <Add option="-s" />
                    <Add library="libzenwinx.dll.a" />
                    <Add library="libkernel32.a" />
                    <Add library="libuser32.a" />
                    <Add library="libcomctl32.a" />
                    <Add library="liburlmon.a" />
                    <Add directory="../lib" />
				</Linker>
			</Target>
            <!-- debugging of MSVC targets is not supported, so let's define Relese target only -->
			<Target title="x64 release (MSVC)">
				<Option platforms="Windows;" />
				<Option output="../bin/amd64/udefrag-dbg" prefix_auto="1" extension_auto="1" />
				<Option working_dir="../bin/amd64" />
				<Option object_output="../obj/dbg/codeblocks/" />
				<Option type="0" />
				<Option compiler="msvc10" />
				<Option projectLinkerOptionsRelation="2" />
				<Compiler>
					<Add option="/D &quot;_CRT_SECURE_NO_WARNINGS&quot;" />
					<Add option="/D &quot;_MBCS&quot;" />
					<Add option="/D &quot;_WINDOWS&quot;" />
					<Add option="/D &quot;NDEBUG&quot;" />
					<Add option="/D &quot;USE_WINSDK&quot;" />
					<Add option="/D &quot;WIN32&quot;" />
					<Add option="/EHsc" />
					<Add option="/Od" />
					<Add option="/Gd" />
					<Add option="/GS-" />
					<Add option="/MT" />
				</Compiler>
				<Linker>
                    <Add option="/machine:AMD64" />
                    <Add option="/entry:&quot;mainCRTStartup&quot;" />
                    <Add library="zenwinx.lib" />
                    <Add library="kernel32.lib" />
                    <Add library="user32.lib" />
                    <Add library="comctl32.lib" />
                    <Add library="urlmon.lib" />
                    <Add directory="../lib/amd64" />
				</Linker>
			</Target>
		</Build>
		<Compiler>
		</Compiler>
		<ResourceCompiler>
		</ResourceCompiler>
		<Unit filename="init.c" />
		<Unit filename="main.c" />
		<Unit filename="main.h" />
		<Unit filename="dbg.rc">
			<Option compilerVar="WINDRES" />
		</Unit>
		<Extensions>
			<code_completion />
			<envvars />
			<debugger />
			<DoxyBlocks>
				<comment_style block="0" line="0" />
				<doxyfile_project />
				<doxyfile_build />
				<doxyfile_warnings />
				<doxyfile_output />
				<doxyfile_dot />
				<general />
			</DoxyBlocks>
		</Extensions>
	</Project>
</CodeBlocks_project_file>
