<?xml version="1.0" encoding="UTF-8" standalone="yes" ?>
<CodeBlocks_project_file>
	<FileVersion major="1" minor="6" />
	<Project>
		<Option title="console" />
		<Option platforms="Windows;" />
		<Option pch_mode="2" />
		<Option compiler="gcc" />
		<Build>
			<Target title="Debug (GCC)">
				<Option platforms="Windows;" />
				<Option output="../bin/udefrag" prefix_auto="1" extension_auto="1" />
				<Option working_dir="../bin" />
				<Option object_output="../obj/console/" />
				<Option type="1" />
				<Option compiler="gcc" />
				<Option use_console_runner="0" />
				<Option parameters="-a c:" />
				<Option projectLinkerOptionsRelation="2" />
				<Compiler>
					<Add option="-g" />
                    <Add directory="$(WXWIDGETSDIR)/lib/gcc_libmingw-X86/mswu" />
				</Compiler>
				<Linker>
                    <Add library="libzenwinx.dll.a" />
                    <Add library="libudefrag.dll.a" />
                    <Add library="liblua5.1a.dll.a" />
                    <Add library="libwxbase31u.a" />
                    <Add library="libkernel32.a" />
                    <Add library="libuser32.a" />
                    <Add library="libadvapi32.a" />
                    <Add library="libshell32.a" />
                    <Add library="libole32.a" />
                    <Add library="libuuid.a" />
                    <Add library="liburlmon.a" />
                    <Add library="libversion.a" />
                    <Add directory="$(WXWIDGETSDIR)/lib/gcc_libmingw-X86" />
				</Linker>
			</Target>
			<Target title="Release (GCC)">
				<Option platforms="Windows;" />
				<Option output="../bin/udefrag" prefix_auto="1" extension_auto="1" />
				<Option working_dir="../bin" />
				<Option object_output="../obj/console/" />
				<Option type="1" />
				<Option compiler="gcc" />
				<Option use_console_runner="0" />
				<Option projectLinkerOptionsRelation="2" />
				<Compiler>
                    <Add directory="$(WXWIDGETSDIR)/lib/gcc_libmingw-X86/mswu" />
				</Compiler>
				<Linker>
					<Add option="-s" />
                    <Add library="libzenwinx.dll.a" />
                    <Add library="libudefrag.dll.a" />
                    <Add library="liblua5.1a.dll.a" />
                    <Add library="libwxbase31u.a" />
                    <Add library="libkernel32.a" />
                    <Add library="libuser32.a" />
                    <Add library="libadvapi32.a" />
                    <Add library="libshell32.a" />
                    <Add library="libole32.a" />
                    <Add library="libuuid.a" />
                    <Add library="liburlmon.a" />
                    <Add library="libversion.a" />
                    <Add directory="$(WXWIDGETSDIR)/lib/gcc_libmingw-X86" />
				</Linker>
			</Target>
            <!-- debugging of MSVC targets is not supported, so let's define Relese target only -->
			<Target title="Release (MSVC)">
				<Option platforms="Windows;" />
				<Option output="../bin/udefrag" prefix_auto="1" extension_auto="1" />
				<Option working_dir="../bin" />
				<Option object_output="../obj/console/" />
				<Option type="1" />
				<Option compiler="msvc10" />
				<Option use_console_runner="0" />
				<Option projectLinkerOptionsRelation="2" />
				<Compiler>
					<Add option="/arch:SSE2" />
					<Add option="/D &quot;_CONSOLE&quot;" />
					<Add option="/D &quot;_CRT_SECURE_NO_WARNINGS&quot;" />
					<Add option="/D &quot;_MBCS&quot;" />
					<Add option="/D &quot;NDEBUG&quot;" />
					<Add option="/D &quot;USE_WINSDK&quot;" />
					<Add option="/D &quot;WIN32&quot;" />
					<Add option="/EHsc" />
					<Add option="/Gd" />
					<Add option="/GS-" />
					<Add option="/MT" />
                    <Add option="/Yuprec.h" />
					<Add directory="$(WXWIDGETSDIR)/lib/vc_libwinsdk-X86/mswu" />
				</Compiler>
				<Linker>
                    <Add library="zenwinx.lib" />
                    <Add library="udefrag.lib" />
                    <Add library="lua5.1a.lib" />
                    <Add library="wxbase31u.lib" />
                    <Add library="kernel32.lib" />
                    <Add library="user32.lib" />
                    <Add library="advapi32.lib" />
                    <Add library="shell32.lib" />
                    <Add library="ole32.lib" />
                    <Add library="uuid.lib" />
                    <Add library="urlmon.lib" />
                    <Add library="version.lib" />
					<Add directory="$(WXWIDGETSDIR)/lib/vc_libwinsdk-X86" />
				</Linker>
			</Target>
		</Build>
		<Compiler>
			<Add directory="$(WXWIDGETSDIR)/include" />
		</Compiler>
		<ResourceCompiler>
			<Add directory="$(WXWIDGETSDIR)/include" />
		</ResourceCompiler>
		<Linker>
			<Add directory="../lib" />
		</Linker>
		<Unit filename="console.rc">
			<Option compilerVar="WINDRES" />
		</Unit>
		<Unit filename="crash.cpp" />
		<Unit filename="help.cpp" />
		<Unit filename="main.cpp" />
		<Unit filename="main.h" />
		<Unit filename="map.cpp" />
		<Unit filename="options.cpp" />
		<Unit filename="prec.cpp">
			<Option target="Release (MSVC)" />
			<Option compiler="msvc10" use="1" buildCommand="$compiler /nologo $options $includes /Ycprec.h /c $file /Fo$object" />
			<Option weight="10" />
			<Option link="0" />
		</Unit>
		<Unit filename="prec.h">
			<Option compile="1" />
			<Option weight="0" />
		</Unit>
		<Unit filename="utils.cpp" />
		<Extensions>
			<code_completion />
			<envvars />
			<debugger />
			<DoxyBlocks>
				<comment_style block="0" line="0" />
				<doxyfile_project />
				<doxyfile_build />
				<doxyfile_warnings />
				<doxyfile_output />
				<doxyfile_dot />
				<general />
			</DoxyBlocks>
		</Extensions>
	</Project>
</CodeBlocks_project_file>
